
Microsoft Visual Studio Solution File, Format Version 12.00
# Visual Studio 2013
VisualStudioVersion = 12.0.0.0
MinimumVisualStudioVersion = 10.0.0.1
Project("{A396985C-425D-4FEA-BB1C-E2524FBA4CDE}") = "AuthService", "Services\AuthService\AuthService.csproj", "{32C9BC16-7C66-40AC-B908-688719FFF04F}"
EndProject
Project("{224F9C73-552E-4305-B83E-84C8C2C2E2CC}") = "Orders.Application", "Services\Orders\Orders.Application\Orders.Application.csproj", "{A9E7935C-7ADB-4315-AD59-AB072CEB0216}"
EndProject
Project("{3DCADD6F-0704-4E4E-A95E-4DB496F924D3}") = "Orders.Domain", "Services\Orders\Orders.Domain\Orders.Domain.csproj", "{F5BC998E-4434-4ED6-A727-A3463F14D52B}"
EndProject
Project("{C0D17BBA-5E12-4F5B-B663-EDAF7DCF4B45}") = "Orders.Infrastructure", "Services\Orders\Orders.Infrastructure\Orders.Infrastructure.csproj", "{6A74DD5C-7906-4616-B277-94163499A936}"
EndProject
Project("{2150E333-8FDC-42A3-9474-1A3956D46DE8}") = "Services", "Services", "{36648EFB-9AE5-46F6-AD0F-92DA914CF338}"
EndProject
Project("{2150E333-8FDC-42A3-9474-1A3956D46DE8}") = "Orders", "Orders", "{47606D0A-5FE4-4E8C-B19B-CC59187FB700}"
EndProject
Project("{2150E333-8FDC-42A3-9474-1A3956D46DE8}") = "EcosystemBlocks", "EcosystemBlocks", "{C4FBB18F-1F3D-4884-885B-D47725823358}"
EndProject
Project("{2150E333-8FDC-42A3-9474-1A3956D46DE8}") = "Catalog", "Catalog", "{E8FD44A5-60E2-4B49-877D-7C49F7614C8F}"
EndProject
Project("{2150E333-8FDC-42A3-9474-1A3956D46DE8}") = "Customers", "Customers", "{8A14C1F8-47BE-4044-B783-BB08FC7DABC9}"
EndProject
Project("{2150E333-8FDC-42A3-9474-1A3956D46DE8}") = "EventBus", "EventBus", "{F4352AF8-28D1-44E4-93DA-8248A0FC664D}"
EndProject
Project("{FAE04EC0-301F-11D3-BF4B-00C04F79EFBC}") = "EventBus", "EcosystemBlocks\EventBus\EventBus\EventBus.csproj", "{A04922E2-BBD8-47D9-BA55-C36CE5B15753}"
EndProject
Project("{FAE04EC0-301F-11D3-BF4B-00C04F79EFBC}") = "EventBusAwsSns", "EcosystemBlocks\EventBus\EventBusAwsSns\EventBusAwsSns.csproj", "{98F4D1EE-1F33-46E6-A48F-DBD54D92868D}"
EndProject
Project("{FAE04EC0-301F-11D3-BF4B-00C04F79EFBC}") = "Catalog.Application", "Services\Catalog\Catalog.Application\Catalog.Application.csproj", "{60F23254-E643-44B0-A765-8DCB199B0581}"
EndProject
Project("{2150E333-8FDC-42A3-9474-1A3956D46DE8}") = "Clients", "Clients", "{1240DE01-D7F1-484A-8F3E-34E08E2CA81B}"
EndProject
Project("{2150E333-8FDC-42A3-9474-1A3956D46DE8}") = "Web", "Web", "{09497B35-0BDE-4847-B7A2-818EA68A9535}"
EndProject
Global
	GlobalSection(SolutionConfigurationPlatforms) = preSolution
		Debug|Any CPU = Debug|Any CPU
		Release|Any CPU = Release|Any CPU
	EndGlobalSection
	GlobalSection(ProjectConfigurationPlatforms) = postSolution
		{32C9BC16-7C66-40AC-B908-688719FFF04F}.Debug|Any CPU.ActiveCfg = Debug|Any CPU
		{32C9BC16-7C66-40AC-B908-688719FFF04F}.Debug|Any CPU.Build.0 = Debug|Any CPU
		{32C9BC16-7C66-40AC-B908-688719FFF04F}.Release|Any CPU.ActiveCfg = Release|Any CPU
		{32C9BC16-7C66-40AC-B908-688719FFF04F}.Release|Any CPU.Build.0 = Release|Any CPU
		{A9E7935C-7ADB-4315-AD59-AB072CEB0216}.Debug|Any CPU.ActiveCfg = Debug|Any CPU
		{A9E7935C-7ADB-4315-AD59-AB072CEB0216}.Debug|Any CPU.Build.0 = Debug|Any CPU
		{A9E7935C-7ADB-4315-AD59-AB072CEB0216}.Release|Any CPU.ActiveCfg = Release|Any CPU
		{A9E7935C-7ADB-4315-AD59-AB072CEB0216}.Release|Any CPU.Build.0 = Release|Any CPU
		{F5BC998E-4434-4ED6-A727-A3463F14D52B}.Debug|Any CPU.ActiveCfg = Debug|Any CPU
		{F5BC998E-4434-4ED6-A727-A3463F14D52B}.Debug|Any CPU.Build.0 = Debug|Any CPU
		{F5BC998E-4434-4ED6-A727-A3463F14D52B}.Release|Any CPU.ActiveCfg = Release|Any CPU
		{F5BC998E-4434-4ED6-A727-A3463F14D52B}.Release|Any CPU.Build.0 = Release|Any CPU
		{6A74DD5C-7906-4616-B277-94163499A936}.Debug|Any CPU.ActiveCfg = Debug|Any CPU
		{6A74DD5C-7906-4616-B277-94163499A936}.Debug|Any CPU.Build.0 = Debug|Any CPU
		{6A74DD5C-7906-4616-B277-94163499A936}.Release|Any CPU.ActiveCfg = Release|Any CPU
		{6A74DD5C-7906-4616-B277-94163499A936}.Release|Any CPU.Build.0 = Release|Any CPU
		{A04922E2-BBD8-47D9-BA55-C36CE5B15753}.Debug|Any CPU.ActiveCfg = Debug|Any CPU
		{A04922E2-BBD8-47D9-BA55-C36CE5B15753}.Debug|Any CPU.Build.0 = Debug|Any CPU
		{A04922E2-BBD8-47D9-BA55-C36CE5B15753}.Release|Any CPU.ActiveCfg = Release|Any CPU
		{A04922E2-BBD8-47D9-BA55-C36CE5B15753}.Release|Any CPU.Build.0 = Release|Any CPU
		{98F4D1EE-1F33-46E6-A48F-DBD54D92868D}.Debug|Any CPU.ActiveCfg = Debug|Any CPU
		{98F4D1EE-1F33-46E6-A48F-DBD54D92868D}.Debug|Any CPU.Build.0 = Debug|Any CPU
		{98F4D1EE-1F33-46E6-A48F-DBD54D92868D}.Release|Any CPU.ActiveCfg = Release|Any CPU
		{98F4D1EE-1F33-46E6-A48F-DBD54D92868D}.Release|Any CPU.Build.0 = Release|Any CPU
		{60F23254-E643-44B0-A765-8DCB199B0581}.Debug|Any CPU.ActiveCfg = Debug|Any CPU
		{60F23254-E643-44B0-A765-8DCB199B0581}.Debug|Any CPU.Build.0 = Debug|Any CPU
		{60F23254-E643-44B0-A765-8DCB199B0581}.Release|Any CPU.ActiveCfg = Release|Any CPU
		{60F23254-E643-44B0-A765-8DCB199B0581}.Release|Any CPU.Build.0 = Release|Any CPU
	EndGlobalSection
	GlobalSection(SolutionProperties) = preSolution
		HideSolutionNode = FALSE
	EndGlobalSection
	GlobalSection(NestedProjects) = preSolution
		{32C9BC16-7C66-40AC-B908-688719FFF04F} = {36648EFB-9AE5-46F6-AD0F-92DA914CF338}
		{47606D0A-5FE4-4E8C-B19B-CC59187FB700} = {36648EFB-9AE5-46F6-AD0F-92DA914CF338}
		{A9E7935C-7ADB-4315-AD59-AB072CEB0216} = {47606D0A-5FE4-4E8C-B19B-CC59187FB700}
		{F5BC998E-4434-4ED6-A727-A3463F14D52B} = {47606D0A-5FE4-4E8C-B19B-CC59187FB700}
		{6A74DD5C-7906-4616-B277-94163499A936} = {47606D0A-5FE4-4E8C-B19B-CC59187FB700}
		{E8FD44A5-60E2-4B49-877D-7C49F7614C8F} = {36648EFB-9AE5-46F6-AD0F-92DA914CF338}
		{8A14C1F8-47BE-4044-B783-BB08FC7DABC9} = {36648EFB-9AE5-46F6-AD0F-92DA914CF338}
		{F4352AF8-28D1-44E4-93DA-8248A0FC664D} = {C4FBB18F-1F3D-4884-885B-D47725823358}
		{A04922E2-BBD8-47D9-BA55-C36CE5B15753} = {F4352AF8-28D1-44E4-93DA-8248A0FC664D}
		{98F4D1EE-1F33-46E6-A48F-DBD54D92868D} = {F4352AF8-28D1-44E4-93DA-8248A0FC664D}
		{60F23254-E643-44B0-A765-8DCB199B0581} = {E8FD44A5-60E2-4B49-877D-7C49F7614C8F}
		{09497B35-0BDE-4847-B7A2-818EA68A9535} = {1240DE01-D7F1-484A-8F3E-34E08E2CA81B}
	EndGlobalSection
EndGlobal
